
Microsoft Visual Studio Solution File, Format Version 12.00
# Visual Studio Version 17
VisualStudioVersion = 17.0.32112.339
MinimumVisualStudioVersion = 10.0.40219.1
Project("{8BC9CEB8-8B4A-11D0-8D11-00A0C91BC942}") = "DIjkstraAlgorithmCppSTL", "DIjkstraAlgorithmCppSTL\DIjkstraAlgorithmCppSTL.vcxproj", "{67639CAA-B2C9-4B13-8B40-90E27D8427FA}"
EndProject
Global
	GlobalSection(SolutionConfigurationPlatforms) = preSolution
		Debug|x64 = Debug|x64
		Debug|x86 = Debug|x86
		Release|x64 = Release|x64
		Release|x86 = Release|x86
	EndGlobalSection
	GlobalSection(ProjectConfigurationPlatforms) = postSolution
		{67639CAA-B2C9-4B13-8B40-90E27D8427FA}.Debug|x64.ActiveCfg = Debug|x64
		{67639CAA-B2C9-4B13-8B40-90E27D8427FA}.Debug|x64.Build.0 = Debug|x64
		{67639CAA-B2C9-4B13-8B40-90E27D8427FA}.Debug|x86.ActiveCfg = Debug|Win32
		{67639CAA-B2C9-4B13-8B40-90E27D8427FA}.Debug|x86.Build.0 = Debug|Win32
		{67639CAA-B2C9-4B13-8B40-90E27D8427FA}.Release|x64.ActiveCfg = Release|x64
		{67639CAA-B2C9-4B13-8B40-90E27D8427FA}.Release|x64.Build.0 = Release|x64
		{67639CAA-B2C9-4B13-8B40-90E27D8427FA}.Release|x86.ActiveCfg = Release|Win32
		{67639CAA-B2C9-4B13-8B40-90E27D8427FA}.Release|x86.Build.0 = Release|Win32
	EndGlobalSection
	GlobalSection(SolutionProperties) = preSolution
		HideSolutionNode = FALSE
	EndGlobalSection
	GlobalSection(ExtensibilityGlobals) = postSolution
		SolutionGuid = {5075CA64-FF5B-46D2-BEEB-74919F2BE537}
	EndGlobalSection
EndGlobal
