
Microsoft Visual Studio Solution File, Format Version 12.00
# Visual Studio Version 16
VisualStudioVersion = 16.0.30204.135
MinimumVisualStudioVersion = 10.0.40219.1
Project("{8BC9CEB8-8B4A-11D0-8D11-00A0C91BC942}") = "JumpSearchCpp", "JumpSearchCpp\JumpSearchCpp.vcxproj", "{EF602392-FC46-461D-A3E0-AC93E157E39B}"
EndProject
Global
	GlobalSection(SolutionConfigurationPlatforms) = preSolution
		Debug|x64 = Debug|x64
		Debug|x86 = Debug|x86
		Release|x64 = Release|x64
		Release|x86 = Release|x86
	EndGlobalSection
	GlobalSection(ProjectConfigurationPlatforms) = postSolution
		{EF602392-FC46-461D-A3E0-AC93E157E39B}.Debug|x64.ActiveCfg = Debug|x64
		{EF602392-FC46-461D-A3E0-AC93E157E39B}.Debug|x64.Build.0 = Debug|x64
		{EF602392-FC46-461D-A3E0-AC93E157E39B}.Debug|x86.ActiveCfg = Debug|Win32
		{EF602392-FC46-461D-A3E0-AC93E157E39B}.Debug|x86.Build.0 = Debug|Win32
		{EF602392-FC46-461D-A3E0-AC93E157E39B}.Release|x64.ActiveCfg = Release|x64
		{EF602392-FC46-461D-A3E0-AC93E157E39B}.Release|x64.Build.0 = Release|x64
		{EF602392-FC46-461D-A3E0-AC93E157E39B}.Release|x86.ActiveCfg = Release|Win32
		{EF602392-FC46-461D-A3E0-AC93E157E39B}.Release|x86.Build.0 = Release|Win32
	EndGlobalSection
	GlobalSection(SolutionProperties) = preSolution
		HideSolutionNode = FALSE
	EndGlobalSection
	GlobalSection(ExtensibilityGlobals) = postSolution
		SolutionGuid = {498E5EAC-B1EA-41D7-B15F-7A97BDC0337B}
	EndGlobalSection
EndGlobal
