
Microsoft Visual Studio Solution File, Format Version 12.00
# Visual Studio Version 17
VisualStudioVersion = 17.0.32112.339
MinimumVisualStudioVersion = 10.0.40219.1
Project("{8BC9CEB8-8B4A-11D0-8D11-00A0C91BC942}") = "RadixSortCpp", "RadixSortCpp\RadixSortCpp.vcxproj", "{15161691-FB23-4B98-B39C-411BDDF0461B}"
EndProject
Global
	GlobalSection(SolutionConfigurationPlatforms) = preSolution
		Debug|x64 = Debug|x64
		Debug|x86 = Debug|x86
		Release|x64 = Release|x64
		Release|x86 = Release|x86
	EndGlobalSection
	GlobalSection(ProjectConfigurationPlatforms) = postSolution
		{15161691-FB23-4B98-B39C-411BDDF0461B}.Debug|x64.ActiveCfg = Debug|x64
		{15161691-FB23-4B98-B39C-411BDDF0461B}.Debug|x64.Build.0 = Debug|x64
		{15161691-FB23-4B98-B39C-411BDDF0461B}.Debug|x86.ActiveCfg = Debug|Win32
		{15161691-FB23-4B98-B39C-411BDDF0461B}.Debug|x86.Build.0 = Debug|Win32
		{15161691-FB23-4B98-B39C-411BDDF0461B}.Release|x64.ActiveCfg = Release|x64
		{15161691-FB23-4B98-B39C-411BDDF0461B}.Release|x64.Build.0 = Release|x64
		{15161691-FB23-4B98-B39C-411BDDF0461B}.Release|x86.ActiveCfg = Release|Win32
		{15161691-FB23-4B98-B39C-411BDDF0461B}.Release|x86.Build.0 = Release|Win32
	EndGlobalSection
	GlobalSection(SolutionProperties) = preSolution
		HideSolutionNode = FALSE
	EndGlobalSection
	GlobalSection(ExtensibilityGlobals) = postSolution
		SolutionGuid = {EF7F5BCB-86CB-4D8F-A56A-F1D5E3C1FF00}
	EndGlobalSection
EndGlobal
